
Microsoft Visual Studio Solution File, Format Version 12.00
# Visual Studio Version 17
VisualStudioVersion = 17.11.35222.181
MinimumVisualStudioVersion = 10.0.40219.1
Project("{FAE04EC0-301F-11D3-BF4B-00C04F79EFBC}") = "Nirvana.Data.Web", "Nirvana.Data.Web\Nirvana.Data.Web.csproj", "{9A6C3165-8E50-4929-BF12-AAB50E75CE14}"
EndProject
Project("{2150E333-8FDC-42A3-9474-1A3956D46DE8}") = "src", "src", "{64BAE837-CF38-4990-AC4A-9B1300EDA6AD}"
EndProject
Global
	GlobalSection(SolutionConfigurationPlatforms) = preSolution
		Debug|Any CPU = Debug|Any CPU
		Release|Any CPU = Release|Any CPU
	EndGlobalSection
	GlobalSection(ProjectConfigurationPlatforms) = postSolution
		{9A6C3165-8E50-4929-BF12-AAB50E75CE14}.Debug|Any CPU.ActiveCfg = Debug|Any CPU
		{9A6C3165-8E50-4929-BF12-AAB50E75CE14}.Debug|Any CPU.Build.0 = Debug|Any CPU
		{9A6C3165-8E50-4929-BF12-AAB50E75CE14}.Release|Any CPU.ActiveCfg = Release|Any CPU
		{9A6C3165-8E50-4929-BF12-AAB50E75CE14}.Release|Any CPU.Build.0 = Release|Any CPU
	EndGlobalSection
	GlobalSection(SolutionProperties) = preSolution
		HideSolutionNode = FALSE
	EndGlobalSection
	GlobalSection(NestedProjects) = preSolution
		{9A6C3165-8E50-4929-BF12-AAB50E75CE14} = {64BAE837-CF38-4990-AC4A-9B1300EDA6AD}
	EndGlobalSection
	GlobalSection(ExtensibilityGlobals) = postSolution
		SolutionGuid = {56446211-D604-4376-8FB5-C8791E3527EC}
	EndGlobalSection
EndGlobal
